
Microsoft Visual Studio Solution File, Format Version 12.00
# Visual Studio Version 17
VisualStudioVersion = 17.0.31903.59
MinimumVisualStudioVersion = 10.0.40219.1
Project("{FAE04EC0-301F-11D3-BF4B-00C04F79EFBC}") = "Server", "Server\Server.csproj", "{F6E1BA7B-4411-4D6F-9589-27A6FACED36E}"
EndProject
Global
	GlobalSection(SolutionConfigurationPlatforms) = preSolution
		Debug|Any CPU = Debug|Any CPU
		Release|Any CPU = Release|Any CPU
	EndGlobalSection
	GlobalSection(ProjectConfigurationPlatforms) = postSolution
		{F6E1BA7B-4411-4D6F-9589-27A6FACED36E}.Debug|Any CPU.ActiveCfg = Debug|Any CPU
		{F6E1BA7B-4411-4D6F-9589-27A6FACED36E}.Debug|Any CPU.Build.0 = Debug|Any CPU
		{F6E1BA7B-4411-4D6F-9589-27A6FACED36E}.Release|Any CPU.ActiveCfg = Release|Any CPU
		{F6E1BA7B-4411-4D6F-9589-27A6FACED36E}.Release|Any CPU.Build.0 = Release|Any CPU
	EndGlobalSection
	GlobalSection(SolutionProperties) = preSolution
		HideSolutionNode = FALSE
	EndGlobalSection
	GlobalSection(ExtensibilityGlobals) = postSolution
		SolutionGuid = {22E225A8-082C-4463-9BA3-DC08DD453C33}
	EndGlobalSection
EndGlobal
